
Microsoft Visual Studio Solution File, Format Version 12.00
# Visual Studio Version 16
VisualStudioVersion = 16.0.29306.81
MinimumVisualStudioVersion = 10.0.40219.1
Project("{FAE04EC0-301F-11D3-BF4B-00C04F79EFBC}") = "APIService", "APIService.csproj", "{BFA196E1-8067-4069-B451-31648D206817}"
EndProject
Global
	GlobalSection(SolutionConfigurationPlatforms) = preSolution
		Debug|Any CPU = Debug|Any CPU
		Release|Any CPU = Release|Any CPU
	EndGlobalSection
	GlobalSection(ProjectConfigurationPlatforms) = postSolution
		{BFA196E1-8067-4069-B451-31648D206817}.Debug|Any CPU.ActiveCfg = Debug|Any CPU
		{BFA196E1-8067-4069-B451-31648D206817}.Debug|Any CPU.Build.0 = Debug|Any CPU
		{BFA196E1-8067-4069-B451-31648D206817}.Release|Any CPU.ActiveCfg = Release|Any CPU
		{BFA196E1-8067-4069-B451-31648D206817}.Release|Any CPU.Build.0 = Release|Any CPU
	EndGlobalSection
	GlobalSection(SolutionProperties) = preSolution
		HideSolutionNode = FALSE
	EndGlobalSection
	GlobalSection(ExtensibilityGlobals) = postSolution
		SolutionGuid = {0C74F5EE-DEC1-4826-946C-8528A44DD505}
	EndGlobalSection
EndGlobal
